PODS:
  - PGSCommonSDK (0.0.1):
    - PGSCommonSDK/PGBaseCategory (= 0.0.1)
    - PGSCommonSDK/PGBaseTools (= 0.0.1)
    - PGSCommonSDK/SSFoundation (= 0.0.1)
  - PGSCommonSDK/PGBaseCategory (0.0.1)
  - PGSCommonSDK/PGBaseTools (0.0.1)
  - PGSCommonSDK/SSFoundation (0.0.1)

DEPENDENCIES:
  - PGSCommonSDK (from `../`)

EXTERNAL SOURCES:
  PGSCommonSDK:
    :path: ../

SPEC CHECKSUMS:
  PGSCommonSDK: 21192505ccd9dcc54039b3da8e615b9e6abf7a0c

PODFILE CHECKSUM: a470425e933c29d720ddbbd7fec68ff8a2552361

COCOAPODS: 1.0.1
